GetAlarmClockIntent:
  speech:
    type: plain
    text: >-
      {% set status = states("input_boolean.alarm_clock") %}
      {% set time = states("input_datetime.alarm_clock") %}
      {% if not bool(status) %}
      {{ [
        "Ich wecke dich nicht.",
        "Der Wecker ist nicht gestellt.",
        "Der Wecker ist ausgeschaltet."
        ] | random }}
      {% else %}
      {{ [
        "Ich wecke dich um %s." | format(time),
        "Der Wecker ist auf %s gestellt." | format(time),
        "Der Wecker ist eingeschaltet auf %s." | format(time)
        ] | random }}
      {% endif %}

SetAlarmClockIntent:
  speech:
    type: plain
    text: >-
      {{ [
        "Okay. Ich wecke dich um %s." | format(time),
        "Okay. Der Wecker ist auf %s gestellt." | format(time),
        "Okay. Der Wecker ist eingeschaltet auf %s." | format(time)
        ] | random }}
  action:
    - service: input_datetime.set_datetime
      target:
        entity_id: input_datetime.alarm_clock
      data:
        time: '{{ time }}'
    - service: input_boolean.turn_on
      target:
        entity_id: input_boolean.alarm_clock

DisableAlarmClockIntent:
  speech:
    type: plain
    text: >-
      {{ [
        "Okay. Ich wecke dich nicht.",
        "Okay. Der Wecker ist nicht gestellt.",
        "Okay. Der Wecker ist ausgeschaltet."
        ] | random }}
  action:
    - service: input_boolean.turn_off
      target:
        entity_id: input_boolean.alarm_clock
